# THIS IS AN AUTOGENERATED FILE. DO NOT EDIT THIS FILE DIRECTLY.
# yarn lockfile v1


ansi-colors@^3.2.1:
  version "3.2.1"
  resolved "https://registry.yarnpkg.com/ansi-colors/-/ansi-colors-3.2.1.tgz#9638047e4213f3428a11944a7d4b31cba0a3ff95"

choosealicense-list@1.1.0:
  version "1.1.0"
  resolved "https://registry.yarnpkg.com/choosealicense-list/-/choosealicense-list-1.1.0.tgz#ce147b3735319e19bc29860a2bd9c8b8d849bcd8"

enquirer@2.0.7:
  version "2.0.7"
  resolved "https://registry.yarnpkg.com/enquirer/-/enquirer-2.0.7.tgz#6b35fae7a71ba8e6d226c906f51095762abd04d4"
  dependencies:
    ansi-colors "^3.2.1"
